// !$*UTF8*$!
{
	archiveVersion = 1;
	classes = {
	};
	objectVersion = 46;
	objects = {

/* Begin PBXBuildFile section */
		54049F45195E0369005DE048 /* MainViewController.m in Sources */ = {isa = PBXBuildFile; fileRef = 54049F44195E0369005DE048 /* MainViewController.m */; };
		54049F48195E0736005DE048 /* Utils.m in Sources */ = {isa = PBXBuildFile; fileRef = 54049F47195E0736005DE048 /* Utils.m */; };
		540B15E519CC8873003AE564 /* EmailViewController.m in Sources */ = {isa = PBXBuildFile; fileRef = 540B15E419CC8873003AE564 /* EmailViewController.m */; };
		542816DD196A0BC900B88CF2 /* NewItemVC.m in Sources */ = {isa = PBXBuildFile; fileRef = 542816DC196A0BC900B88CF2 /* NewItemVC.m */; };
		5441A0C219953F700003BB39 /* action_search.png in Resources */ = {isa = PBXBuildFile; fileRef = 5441A07019953F700003BB39 /* action_search.png */; };
		5441A0C319953F700003BB39 /* backup.png in Resources */ = {isa = PBXBuildFile; fileRef = 5441A07119953F700003BB39 /* backup.png */; };
		5441A0C419953F700003BB39 /* create_ticket.png in Resources */ = {isa = PBXBuildFile; fileRef = 5441A07219953F700003BB39 /* create_ticket.png */; };
		5441A0C519953F700003BB39 /* delete.png in Resources */ = {isa = PBXBuildFile; fileRef = 5441A07319953F700003BB39 /* delete.png */; };
		5441A0C719953F700003BB39 /* edit_ticket.png in Resources */ = {isa = PBXBuildFile; fileRef = 5441A07519953F700003BB39 /* edit_ticket.png */; };
		5441A0C819953F700003BB39 /* extra.png in Resources */ = {isa = PBXBuildFile; fileRef = 5441A07619953F700003BB39 /* extra.png */; };
		5441A0C919953F700003BB39 /* file_pin.png in Resources */ = {isa = PBXBuildFile; fileRef = 5441A07719953F700003BB39 /* file_pin.png */; };
		5441A0CA19953F700003BB39 /* generate.png in Resources */ = {isa = PBXBuildFile; fileRef = 5441A07819953F700003BB39 /* generate.png */; };
		5441A0CB19953F700003BB39 /* ic_launcher.png in Resources */ = {isa = PBXBuildFile; fileRef = 5441A07919953F700003BB39 /* ic_launcher.png */; };
		5441A0CC19953F700003BB39 /* icon_1.png in Resources */ = {isa = PBXBuildFile; fileRef = 5441A07A19953F700003BB39 /* icon_1.png */; };
		5441A0CD19953F700003BB39 /* icon_2.png in Resources */ = {isa = PBXBuildFile; fileRef = 5441A07B19953F700003BB39 /* icon_2.png */; };
		5441A0CE19953F700003BB39 /* icon_3.png in Resources */ = {isa = PBXBuildFile; fileRef = 5441A07C19953F700003BB39 /* icon_3.png */; };
		5441A0CF19953F700003BB39 /* icon_4.png in Resources */ = {isa = PBXBuildFile; fileRef = 5441A07D19953F700003BB39 /* icon_4.png */; };
		5441A0D019953F700003BB39 /* icon_5.png in Resources */ = {isa = PBXBuildFile; fileRef = 5441A07E19953F700003BB39 /* icon_5.png */; };
		5441A0D119953F700003BB39 /* icon_6.png in Resources */ = {isa = PBXBuildFile; fileRef = 5441A07F19953F700003BB39 /* icon_6.png */; };
		5441A0D219953F700003BB39 /* icon_7.png in Resources */ = {isa = PBXBuildFile; fileRef = 5441A08019953F700003BB39 /* icon_7.png */; };
		5441A0D319953F700003BB39 /* icon_8.png in Resources */ = {isa = PBXBuildFile; fileRef = 5441A08119953F700003BB39 /* icon_8.png */; };
		5441A0D419953F700003BB39 /* icon_9.png in Resources */ = {isa = PBXBuildFile; fileRef = 5441A08219953F700003BB39 /* icon_9.png */; };
		5441A0D519953F700003BB39 /* icon_10.png in Resources */ = {isa = PBXBuildFile; fileRef = 5441A08319953F700003BB39 /* icon_10.png */; };
		5441A0D619953F700003BB39 /* icon_11.png in Resources */ = {isa = PBXBuildFile; fileRef = 5441A08419953F700003BB39 /* icon_11.png */; };
		5441A0D719953F700003BB39 /* icon_12.png in Resources */ = {isa = PBXBuildFile; fileRef = 5441A08519953F700003BB39 /* icon_12.png */; };
		5441A0D819953F700003BB39 /* icon_13.png in Resources */ = {isa = PBXBuildFile; fileRef = 5441A08619953F700003BB39 /* icon_13.png */; };
		5441A0D919953F700003BB39 /* icon_14.png in Resources */ = {isa = PBXBuildFile; fileRef = 5441A08719953F700003BB39 /* icon_14.png */; };
		5441A0DA19953F700003BB39 /* icon_15.png in Resources */ = {isa = PBXBuildFile; fileRef = 5441A08819953F700003BB39 /* icon_15.png */; };
		5441A0DB19953F700003BB39 /* icon_16.png in Resources */ = {isa = PBXBuildFile; fileRef = 5441A08919953F700003BB39 /* icon_16.png */; };
		5441A0DC19953F700003BB39 /* icon_17.png in Resources */ = {isa = PBXBuildFile; fileRef = 5441A08A19953F700003BB39 /* icon_17.png */; };
		5441A0DD19953F700003BB39 /* icon_18.png in Resources */ = {isa = PBXBuildFile; fileRef = 5441A08B19953F700003BB39 /* icon_18.png */; };
		5441A0DE19953F700003BB39 /* icon_19.png in Resources */ = {isa = PBXBuildFile; fileRef = 5441A08C19953F700003BB39 /* icon_19.png */; };
		5441A0DF19953F700003BB39 /* icon_20.png in Resources */ = {isa = PBXBuildFile; fileRef = 5441A08D19953F700003BB39 /* icon_20.png */; };
		5441A0E019953F700003BB39 /* icon_21.png in Resources */ = {isa = PBXBuildFile; fileRef = 5441A08E19953F700003BB39 /* icon_21.png */; };
		5441A0E119953F700003BB39 /* icon_22.png in Resources */ = {isa = PBXBuildFile; fileRef = 5441A08F19953F700003BB39 /* icon_22.png */; };
		5441A0E219953F700003BB39 /* icon_23.png in Resources */ = {isa = PBXBuildFile; fileRef = 5441A09019953F700003BB39 /* icon_23.png */; };
		5441A0E319953F700003BB39 /* icon_24.png in Resources */ = {isa = PBXBuildFile; fileRef = 5441A09119953F700003BB39 /* icon_24.png */; };
		5441A0E419953F700003BB39 /* icon_25.png in Resources */ = {isa = PBXBuildFile; fileRef = 5441A09219953F700003BB39 /* icon_25.png */; };
		5441A0E519953F700003BB39 /* icon_26.png in Resources */ = {isa = PBXBuildFile; fileRef = 5441A09319953F700003BB39 /* icon_26.png */; };
		5441A0E619953F700003BB39 /* icon_27.png in Resources */ = {isa = PBXBuildFile; fileRef = 5441A09419953F700003BB39 /* icon_27.png */; };
		5441A0E719953F700003BB39 /* icon_28.png in Resources */ = {isa = PBXBuildFile; fileRef = 5441A09519953F700003BB39 /* icon_28.png */; };
		5441A0E819953F700003BB39 /* icon_29.png in Resources */ = {isa = PBXBuildFile; fileRef = 5441A09619953F700003BB39 /* icon_29.png */; };
		5441A0E919953F700003BB39 /* icon_30.png in Resources */ = {isa = PBXBuildFile; fileRef = 5441A09719953F700003BB39 /* icon_30.png */; };
		5441A0EA19953F700003BB39 /* icon_31.png in Resources */ = {isa = PBXBuildFile; fileRef = 5441A09819953F700003BB39 /* icon_31.png */; };
		5441A0EB19953F700003BB39 /* icon_32.png in Resources */ = {isa = PBXBuildFile; fileRef = 5441A09919953F700003BB39 /* icon_32.png */; };
		5441A0EC19953F700003BB39 /* icon_33.png in Resources */ = {isa = PBXBuildFile; fileRef = 5441A09A19953F700003BB39 /* icon_33.png */; };
		5441A0ED19953F700003BB39 /* icon_34.png in Resources */ = {isa = PBXBuildFile; fileRef = 5441A09B19953F700003BB39 /* icon_34.png */; };
		5441A0EE19953F700003BB39 /* icon_35.png in Resources */ = {isa = PBXBuildFile; fileRef = 5441A09C19953F700003BB39 /* icon_35.png */; };
		5441A0EF19953F700003BB39 /* icon_36.png in Resources */ = {isa = PBXBuildFile; fileRef = 5441A09D19953F700003BB39 /* icon_36.png */; };
		5441A0F019953F700003BB39 /* icon_37.png in Resources */ = {isa = PBXBuildFile; fileRef = 5441A09E19953F700003BB39 /* icon_37.png */; };
		5441A0F119953F700003BB39 /* icon_38.png in Resources */ = {isa = PBXBuildFile; fileRef = 5441A09F19953F700003BB39 /* icon_38.png */; };
		5441A0F219953F700003BB39 /* icon_39.png in Resources */ = {isa = PBXBuildFile; fileRef = 5441A0A019953F700003BB39 /* icon_39.png */; };
		5441A0F319953F700003BB39 /* icon_40.png in Resources */ = {isa = PBXBuildFile; fileRef = 5441A0A119953F700003BB39 /* icon_40.png */; };
		5441A0F419953F700003BB39 /* icon_41.png in Resources */ = {isa = PBXBuildFile; fileRef = 5441A0A219953F700003BB39 /* icon_41.png */; };
		5441A0F519953F700003BB39 /* icon_42.png in Resources */ = {isa = PBXBuildFile; fileRef = 5441A0A319953F700003BB39 /* icon_42.png */; };
		5441A0F619953F700003BB39 /* icon_43.png in Resources */ = {isa = PBXBuildFile; fileRef = 5441A0A419953F700003BB39 /* icon_43.png */; };
		5441A0F719953F700003BB39 /* icon_44.png in Resources */ = {isa = PBXBuildFile; fileRef = 5441A0A519953F700003BB39 /* icon_44.png */; };
		5441A0F819953F700003BB39 /* icon_45.png in Resources */ = {isa = PBXBuildFile; fileRef = 5441A0A619953F700003BB39 /* icon_45.png */; };
		5441A0F919953F700003BB39 /* icon_46.png in Resources */ = {isa = PBXBuildFile; fileRef = 5441A0A719953F700003BB39 /* icon_46.png */; };
		5441A0FA19953F700003BB39 /* icon_47.png in Resources */ = {isa = PBXBuildFile; fileRef = 5441A0A819953F700003BB39 /* icon_47.png */; };
		5441A0FB19953F700003BB39 /* icon_48.png in Resources */ = {isa = PBXBuildFile; fileRef = 5441A0A919953F700003BB39 /* icon_48.png */; };
		5441A0FC19953F700003BB39 /* icon_49.png in Resources */ = {isa = PBXBuildFile; fileRef = 5441A0AA19953F700003BB39 /* icon_49.png */; };
		5441A0FD19953F700003BB39 /* icon_50.png in Resources */ = {isa = PBXBuildFile; fileRef = 5441A0AB19953F700003BB39 /* icon_50.png */; };
		5441A0FE19953F700003BB39 /* icon_51.png in Resources */ = {isa = PBXBuildFile; fileRef = 5441A0AC19953F700003BB39 /* icon_51.png */; };
		5441A0FF19953F700003BB39 /* icon_52.png in Resources */ = {isa = PBXBuildFile; fileRef = 5441A0AD19953F700003BB39 /* icon_52.png */; };
		5441A10019953F700003BB39 /* icon_53.png in Resources */ = {isa = PBXBuildFile; fileRef = 5441A0AE19953F700003BB39 /* icon_53.png */; };
		5441A10119953F700003BB39 /* icon_54.png in Resources */ = {isa = PBXBuildFile; fileRef = 5441A0AF19953F700003BB39 /* icon_54.png */; };
		5441A10219953F700003BB39 /* icon_55.png in Resources */ = {isa = PBXBuildFile; fileRef = 5441A0B019953F700003BB39 /* icon_55.png */; };
		5441A10319953F700003BB39 /* icon_56.png in Resources */ = {isa = PBXBuildFile; fileRef = 5441A0B119953F700003BB39 /* icon_56.png */; };
		5441A10419953F700003BB39 /* icon_57.png in Resources */ = {isa = PBXBuildFile; fileRef = 5441A0B219953F700003BB39 /* icon_57.png */; };
		5441A10519953F700003BB39 /* icon_58.png in Resources */ = {isa = PBXBuildFile; fileRef = 5441A0B319953F700003BB39 /* icon_58.png */; };
		5441A10619953F700003BB39 /* ip.png in Resources */ = {isa = PBXBuildFile; fileRef = 5441A0B419953F700003BB39 /* ip.png */; };
		5441A10719953F700003BB39 /* main_password.png in Resources */ = {isa = PBXBuildFile; fileRef = 5441A0B519953F700003BB39 /* main_password.png */; };
		5441A10819953F700003BB39 /* my_email.png in Resources */ = {isa = PBXBuildFile; fileRef = 5441A0B619953F700003BB39 /* my_email.png */; };
		5441A10919953F700003BB39 /* not_approved.png in Resources */ = {isa = PBXBuildFile; fileRef = 5441A0B719953F700003BB39 /* not_approved.png */; };
		5441A10A19953F700003BB39 /* password.png in Resources */ = {isa = PBXBuildFile; fileRef = 5441A0B819953F700003BB39 /* password.png */; };
		5441A10B19953F700003BB39 /* restore.png in Resources */ = {isa = PBXBuildFile; fileRef = 5441A0B919953F700003BB39 /* restore.png */; };
		5441A10C19953F700003BB39 /* save.png in Resources */ = {isa = PBXBuildFile; fileRef = 5441A0BA19953F700003BB39 /* save.png */; };
		5441A10D19953F700003BB39 /* send_data.png in Resources */ = {isa = PBXBuildFile; fileRef = 5441A0BB19953F700003BB39 /* send_data.png */; };
		5441A10F19953F700003BB39 /* type_check_failed.png in Resources */ = {isa = PBXBuildFile; fileRef = 5441A0BD19953F700003BB39 /* type_check_failed.png */; };
		5441A11019953F700003BB39 /* type_check_success.png in Resources */ = {isa = PBXBuildFile; fileRef = 5441A0BE19953F700003BB39 /* type_check_success.png */; };
		5441A11119953F700003BB39 /* user_block.png in Resources */ = {isa = PBXBuildFile; fileRef = 5441A0BF19953F700003BB39 /* user_block.png */; };
		5441A11219953F700003BB39 /* user_warning.png in Resources */ = {isa = PBXBuildFile; fileRef = 5441A0C019953F700003BB39 /* user_warning.png */; };
		5441A11319953F700003BB39 /* username.png in Resources */ = {isa = PBXBuildFile; fileRef = 5441A0C119953F700003BB39 /* username.png */; };
		5441A117199543CA0003BB39 /* share2@2x.png in Resources */ = {isa = PBXBuildFile; fileRef = 5441A116199543CA0003BB39 /* share2@2x.png */; };
		5441A119199544AC0003BB39 /* edit_profile22@2x.png in Resources */ = {isa = PBXBuildFile; fileRef = 5441A118199544AC0003BB39 /* edit_profile22@2x.png */; };
		5441A11B199546580003BB39 /* logo@2x.png in Resources */ = {isa = PBXBuildFile; fileRef = 5441A11A199546580003BB39 /* logo@2x.png */; };
		5441A11E199671270003BB39 /* RequestCell.m in Sources */ = {isa = PBXBuildFile; fileRef = 5441A11D199671270003BB39 /* RequestCell.m */; };
		544D00661983FB9E00B338D1 /* GlobalData.m in Sources */ = {isa = PBXBuildFile; fileRef = 544D00651983FB9E00B338D1 /* GlobalData.m */; };
		544D006C1984341300B338D1 /* SettingsCell.m in Sources */ = {isa = PBXBuildFile; fileRef = 544D006B1984341300B338D1 /* SettingsCell.m */; };
		544D006F1984345700B338D1 /* SettingsVC.m in Sources */ = {isa = PBXBuildFile; fileRef = 544D006E1984345700B338D1 /* SettingsVC.m */; };
		544D00731984382200B338D1 /* testimage.png in Resources */ = {isa = PBXBuildFile; fileRef = 544D00711984382200B338D1 /* testimage.png */; };
		544D00741984382200B338D1 /* testimage@2x.png in Resources */ = {isa = PBXBuildFile; fileRef = 544D00721984382200B338D1 /* testimage@2x.png */; };
		544D975619562F67006C009B /* Foundation.framework in Frameworks */ = {isa = PBXBuildFile; fileRef = 544D975519562F67006C009B /* Foundation.framework */; };
		544D975819562F67006C009B /* CoreGraphics.framework in Frameworks */ = {isa = PBXBuildFile; fileRef = 544D975719562F67006C009B /* CoreGraphics.framework */; };
		544D975A19562F67006C009B /* UIKit.framework in Frameworks */ = {isa = PBXBuildFile; fileRef = 544D975919562F67006C009B /* UIKit.framework */; };
		544D976019562F67006C009B /* InfoPlist.strings in Resources */ = {isa = PBXBuildFile; fileRef = 544D975E19562F67006C009B /* InfoPlist.strings */; };
		544D976219562F67006C009B /* main.m in Sources */ = {isa = PBXBuildFile; fileRef = 544D976119562F67006C009B /* main.m */; };
		544D976619562F67006C009B /* AppDelegate.m in Sources */ = {isa = PBXBuildFile; fileRef = 544D976519562F67006C009B /* AppDelegate.m */; };
		544D976919562F67006C009B /* Main.storyboard in Resources */ = {isa = PBXBuildFile; fileRef = 544D976719562F67006C009B /* Main.storyboard */; };
		544D976E19562F67006C009B /* Images.xcassets in Resources */ = {isa = PBXBuildFile; fileRef = 544D976D19562F67006C009B /* Images.xcassets */; };
		544D977519562F67006C009B /* XCTest.framework in Frameworks */ = {isa = PBXBuildFile; fileRef = 544D977419562F67006C009B /* XCTest.framework */; };
		544D977619562F67006C009B /* Foundation.framework in Frameworks */ = {isa = PBXBuildFile; fileRef = 544D975519562F67006C009B /* Foundation.framework */; };
		544D977719562F67006C009B /* UIKit.framework in Frameworks */ = {isa = PBXBuildFile; fileRef = 544D975919562F67006C009B /* UIKit.framework */; };
		544D977F19562F67006C009B /* InfoPlist.strings in Resources */ = {isa = PBXBuildFile; fileRef = 544D977D19562F67006C009B /* InfoPlist.strings */; };
		544D978119562F67006C009B /* MykeenTests.m in Sources */ = {isa = PBXBuildFile; fileRef = 544D978019562F67006C009B /* MykeenTests.m */; };
		544D978D195636D7006C009B /* LoginFirstVC.m in Sources */ = {isa = PBXBuildFile; fileRef = 544D978C195636D7006C009B /* LoginFirstVC.m */; };
		544D9790195636EB006C009B /* LoginSecondVC.m in Sources */ = {isa = PBXBuildFile; fileRef = 544D978F195636EB006C009B /* LoginSecondVC.m */; };
		544DD8F919620FC7004D0125 /* ItemCell.m in Sources */ = {isa = PBXBuildFile; fileRef = 544DD8F819620FC7004D0125 /* ItemCell.m */; };
		544DD8FC19620FD8004D0125 /* NewCell.m in Sources */ = {isa = PBXBuildFile; fileRef = 544DD8FB19620FD8004D0125 /* NewCell.m */; };
		544DD94319621B6B004D0125 /* Item.m in Sources */ = {isa = PBXBuildFile; fileRef = 544DD94219621B6B004D0125 /* Item.m */; };
		545A76C21A2A48D6008D6F0C /* SendViewController.m in Sources */ = {isa = PBXBuildFile; fileRef = 545A76C11A2A48D6008D6F0C /* SendViewController.m */; };
		547145DC1A4AF92E00B236E0 /* CancelCell.m in Sources */ = {isa = PBXBuildFile; fileRef = 547145DB1A4AF92E00B236E0 /* CancelCell.m */; };
		547145DF1A4EEC9F00B236E0 /* MyPersonalLinkCell.m in Sources */ = {isa = PBXBuildFile; fileRef = 547145DE1A4EEC9F00B236E0 /* MyPersonalLinkCell.m */; };
		54B820DF197F18A700950904 /* NSData+Crypto.m in Sources */ = {isa = PBXBuildFile; fileRef = 54B820DE197F18A700950904 /* NSData+Crypto.m */; };
		54B820E2197F18F100950904 /* NSString+Crypto.m in Sources */ = {isa = PBXBuildFile; fileRef = 54B820E1197F18F100950904 /* NSString+Crypto.m */; };
		54DBAA5F19DEF77F005E596F /* IconVC.m in Sources */ = {isa = PBXBuildFile; fileRef = 54DBAA5E19DEF77F005E596F /* IconVC.m */; };
		54DBAA6219DEF8FC005E596F /* IconCell.m in Sources */ = {isa = PBXBuildFile; fileRef = 54DBAA6119DEF8FC005E596F /* IconCell.m */; };
		54E199F5195A3A0A00D2BB67 /* libGoogleAdMobAds.a in Frameworks */ = {isa = PBXBuildFile; fileRef = 54E199F3195A3A0A00D2BB67 /* libGoogleAdMobAds.a */; };
		54E199F6195A3A0A00D2BB67 /* README.txt in Resources */ = {isa = PBXBuildFile; fileRef = 54E199F4195A3A0A00D2BB67 /* README.txt */; };
		54E199F9195A3B4300D2BB67 /* AdSupport.framework in Frameworks */ = {isa = PBXBuildFile; fileRef = 54E199F8195A3B4300D2BB67 /* AdSupport.framework */; };
		54E199FB195A3B4F00D2BB67 /* AudioToolbox.framework in Frameworks */ = {isa = PBXBuildFile; fileRef = 54E199FA195A3B4F00D2BB67 /* AudioToolbox.framework */; };
		54E199FD195A3B6200D2BB67 /* AVFoundation.framework in Frameworks */ = {isa = PBXBuildFile; fileRef = 54E199FC195A3B6200D2BB67 /* AVFoundation.framework */; };
		54E199FF195A3B7B00D2BB67 /* CoreTelephony.framework in Frameworks */ = {isa = PBXBuildFile; fileRef = 54E199FE195A3B7B00D2BB67 /* CoreTelephony.framework */; };
		54E19A01195A3B8600D2BB67 /* MessageUI.framework in Frameworks */ = {isa = PBXBuildFile; fileRef = 54E19A00195A3B8600D2BB67 /* MessageUI.framework */; };
		54E19A03195A3B8C00D2BB67 /* StoreKit.framework in Frameworks */ = {isa = PBXBuildFile; fileRef = 54E19A02195A3B8C00D2BB67 /* StoreKit.framework */; };
		54E19A05195A3B9800D2BB67 /* SystemConfiguration.framework in Frameworks */ = {isa = PBXBuildFile; fileRef = 54E19A04195A3B9800D2BB67 /* SystemConfiguration.framework */; };
		F790C883646D4F138A0E78B4 /* libPods.a in Frameworks */ = {isa = PBXBuildFile; fileRef = 150E76F3DF3240A6B049FF3D /* libPods.a */; };
/* End PBXBuildFile section */

/* Begin PBXContainerItemProxy section */
		544D977819562F67006C009B /* PBXContainerItemProxy */ = {
			isa = PBXContainerItemProxy;
			containerPortal = 544D974A19562F67006C009B /* Project object */;
			proxyType = 1;
			remoteGlobalIDString = 544D975119562F67006C009B;
			remoteInfo = Mykeen;
		};
/* End PBXContainerItemProxy section */

/* Begin PBXFileReference section */
		150E76F3DF3240A6B049FF3D /* libPods.a */ = {isa = PBXFileReference; explicitFileType = archive.ar; includeInIndex = 0; path = libPods.a; sourceTree = BUILT_PRODUCTS_DIR; };
		492AC8BE2B0244E2BDB5CAD4 /* Pods.xcconfig */ = {isa = PBXFileReference; includeInIndex = 1; lastKnownFileType = text.xcconfig; name = Pods.xcconfig; path = Pods/Pods.xcconfig; sourceTree = "<group>"; };
		54049F43195E0369005DE048 /* MainViewController.h */ = {isa = PBXFileReference; fileEncoding = 4; lastKnownFileType = sourcecode.c.h; path = MainViewController.h; sourceTree = "<group>"; };
		54049F44195E0369005DE048 /* MainViewController.m */ = {isa = PBXFileReference; fileEncoding = 4; lastKnownFileType = sourcecode.c.objc; path = MainViewController.m; sourceTree = "<group>"; };
		54049F46195E0736005DE048 /* Utils.h */ = {isa = PBXFileReference; fileEncoding = 4; lastKnownFileType = sourcecode.c.h; path = Utils.h; sourceTree = "<group>"; };
		54049F47195E0736005DE048 /* Utils.m */ = {isa = PBXFileReference; fileEncoding = 4; lastKnownFileType = sourcecode.c.objc; path = Utils.m; sourceTree = "<group>"; };
		540B15E319CC8873003AE564 /* EmailViewController.h */ = {isa = PBXFileReference; fileEncoding = 4; lastKnownFileType = sourcecode.c.h; path = EmailViewController.h; sourceTree = "<group>"; };
		540B15E419CC8873003AE564 /* EmailViewController.m */ = {isa = PBXFileReference; fileEncoding = 4; lastKnownFileType = sourcecode.c.objc; path = EmailViewController.m; sourceTree = "<group>"; };
		542816DB196A0BC900B88CF2 /* NewItemVC.h */ = {isa = PBXFileReference; fileEncoding = 4; lastKnownFileType = sourcecode.c.h; path = NewItemVC.h; sourceTree = "<group>"; };
		542816DC196A0BC900B88CF2 /* NewItemVC.m */ = {isa = PBXFileReference; fileEncoding = 4; lastKnownFileType = sourcecode.c.objc; path = NewItemVC.m; sourceTree = "<group>"; };
		5441A07019953F700003BB39 /* action_search.png */ = {isa = PBXFileReference; lastKnownFileType = image.png; path = action_search.png; sourceTree = "<group>"; };
		5441A07119953F700003BB39 /* backup.png */ = {isa = PBXFileReference; lastKnownFileType = image.png; path = backup.png; sourceTree = "<group>"; };
		5441A07219953F700003BB39 /* create_ticket.png */ = {isa = PBXFileReference; lastKnownFileType = image.png; path = create_ticket.png; sourceTree = "<group>"; };
		5441A07319953F700003BB39 /* delete.png */ = {isa = PBXFileReference; lastKnownFileType = image.png; path = delete.png; sourceTree = "<group>"; };
		5441A07519953F700003BB39 /* edit_ticket.png */ = {isa = PBXFileReference; lastKnownFileType = image.png; path = edit_ticket.png; sourceTree = "<group>"; };
		5441A07619953F700003BB39 /* extra.png */ = {isa = PBXFileReference; lastKnownFileType = image.png; path = extra.png; sourceTree = "<group>"; };
		5441A07719953F700003BB39 /* file_pin.png */ = {isa = PBXFileReference; lastKnownFileType = image.png; path = file_pin.png; sourceTree = "<group>"; };
		5441A07819953F700003BB39 /* generate.png */ = {isa = PBXFileReference; lastKnownFileType = image.png; path = generate.png; sourceTree = "<group>"; };
		5441A07919953F700003BB39 /* ic_launcher.png */ = {isa = PBXFileReference; lastKnownFileType = image.png; path = ic_launcher.png; sourceTree = "<group>"; };
		5441A07A19953F700003BB39 /* icon_1.png */ = {isa = PBXFileReference; lastKnownFileType = image.png; path = icon_1.png; sourceTree = "<group>"; };
		5441A07B19953F700003BB39 /* icon_2.png */ = {isa = PBXFileReference; lastKnownFileType = image.png; path = icon_2.png; sourceTree = "<group>"; };
		5441A07C19953F700003BB39 /* icon_3.png */ = {isa = PBXFileReference; lastKnownFileType = image.png; path = icon_3.png; sourceTree = "<group>"; };
		5441A07D19953F700003BB39 /* icon_4.png */ = {isa = PBXFileReference; lastKnownFileType = image.png; path = icon_4.png; sourceTree = "<group>"; };
		5441A07E19953F700003BB39 /* icon_5.png */ = {isa = PBXFileReference; lastKnownFileType = image.png; path = icon_5.png; sourceTree = "<group>"; };
		5441A07F19953F700003BB39 /* icon_6.png */ = {isa = PBXFileReference; lastKnownFileType = image.png; path = icon_6.png; sourceTree = "<group>"; };
		5441A08019953F700003BB39 /* icon_7.png */ = {isa = PBXFileReference; lastKnownFileType = image.png; path = icon_7.png; sourceTree = "<group>"; };
		5441A08119953F700003BB39 /* icon_8.png */ = {isa = PBXFileReference; lastKnownFileType = image.png; path = icon_8.png; sourceTree = "<group>"; };
		5441A08219953F700003BB39 /* icon_9.png */ = {isa = PBXFileReference; lastKnownFileType = image.png; path = icon_9.png; sourceTree = "<group>"; };
		5441A08319953F700003BB39 /* icon_10.png */ = {isa = PBXFileReference; lastKnownFileType = image.png; path = icon_10.png; sourceTree = "<group>"; };
		5441A08419953F700003BB39 /* icon_11.png */ = {isa = PBXFileReference; lastKnownFileType = image.png; path = icon_11.png; sourceTree = "<group>"; };
		5441A08519953F700003BB39 /* icon_12.png */ = {isa = PBXFileReference; lastKnownFileType = image.png; path = icon_12.png; sourceTree = "<group>"; };
		5441A08619953F700003BB39 /* icon_13.png */ = {isa = PBXFileReference; lastKnownFileType = image.png; path = icon_13.png; sourceTree = "<group>"; };
		5441A08719953F700003BB39 /* icon_14.png */ = {isa = PBXFileReference; lastKnownFileType = image.png; path = icon_14.png; sourceTree = "<group>"; };
		5441A08819953F700003BB39 /* icon_15.png */ = {isa = PBXFileReference; lastKnownFileType = image.png; path = icon_15.png; sourceTree = "<group>"; };
		5441A08919953F700003BB39 /* icon_16.png */ = {isa = PBXFileReference; lastKnownFileType = image.png; path = icon_16.png; sourceTree = "<group>"; };
		5441A08A19953F700003BB39 /* icon_17.png */ = {isa = PBXFileReference; lastKnownFileType = image.png; path = icon_17.png; sourceTree = "<group>"; };
		5441A08B19953F700003BB39 /* icon_18.png */ = {isa = PBXFileReference; lastKnownFileType = image.png; path = icon_18.png; sourceTree = "<group>"; };
		5441A08C19953F700003BB39 /* icon_19.png */ = {isa = PBXFileReference; lastKnownFileType = image.png; path = icon_19.png; sourceTree = "<group>"; };
		5441A08D19953F700003BB39 /* icon_20.png */ = {isa = PBXFileReference; lastKnownFileType = image.png; path = icon_20.png; sourceTree = "<group>"; };
		5441A08E19953F700003BB39 /* icon_21.png */ = {isa = PBXFileReference; lastKnownFileType = image.png; path = icon_21.png; sourceTree = "<group>"; };
		5441A08F19953F700003BB39 /* icon_22.png */ = {isa = PBXFileReference; lastKnownFileType = image.png; path = icon_22.png; sourceTree = "<group>"; };
		5441A09019953F700003BB39 /* icon_23.png */ = {isa = PBXFileReference; lastKnownFileType = image.png; path = icon_23.png; sourceTree = "<group>"; };
		5441A09119953F700003BB39 /* icon_24.png */ = {isa = PBXFileReference; lastKnownFileType = image.png; path = icon_24.png; sourceTree = "<group>"; };
		5441A09219953F700003BB39 /* icon_25.png */ = {isa = PBXFileReference; lastKnownFileType = image.png; path = icon_25.png; sourceTree = "<group>"; };
		5441A09319953F700003BB39 /* icon_26.png */ = {isa = PBXFileReference; lastKnownFileType = image.png; path = icon_26.png; sourceTree = "<group>"; };
		5441A09419953F700003BB39 /* icon_27.png */ = {isa = PBXFileReference; lastKnownFileType = image.png; path = icon_27.png; sourceTree = "<group>"; };
		5441A09519953F700003BB39 /* icon_28.png */ = {isa = PBXFileReference; lastKnownFileType = image.png; path = icon_28.png; sourceTree = "<group>"; };
		5441A09619953F700003BB39 /* icon_29.png */ = {isa = PBXFileReference; lastKnownFileType = image.png; path = icon_29.png; sourceTree = "<group>"; };
		5441A09719953F700003BB39 /* icon_30.png */ = {isa = PBXFileReference; lastKnownFileType = image.png; path = icon_30.png; sourceTree = "<group>"; };
		5441A09819953F700003BB39 /* icon_31.png */ = {isa = PBXFileReference; lastKnownFileType = image.png; path = icon_31.png; sourceTree = "<group>"; };
		5441A09919953F700003BB39 /* icon_32.png */ = {isa = PBXFileReference; lastKnownFileType = image.png; path = icon_32.png; sourceTree = "<group>"; };
		5441A09A19953F700003BB39 /* icon_33.png */ = {isa = PBXFileReference; lastKnownFileType = image.png; path = icon_33.png; sourceTree = "<group>"; };
		5441A09B19953F700003BB39 /* icon_34.png */ = {isa = PBXFileReference; lastKnownFileType = image.png; path = icon_34.png; sourceTree = "<group>"; };
		5441A09C19953F700003BB39 /* icon_35.png */ = {isa = PBXFileReference; lastKnownFileType = image.png; path = icon_35.png; sourceTree = "<group>"; };
		5441A09D19953F700003BB39 /* icon_36.png */ = {isa = PBXFileReference; lastKnownFileType = image.png; path = icon_36.png; sourceTree = "<group>"; };
		5441A09E19953F700003BB39 /* icon_37.png */ = {isa = PBXFileReference; lastKnownFileType = image.png; path = icon_37.png; sourceTree = "<group>"; };
		5441A09F19953F700003BB39 /* icon_38.png */ = {isa = PBXFileReference; lastKnownFileType = image.png; path = icon_38.png; sourceTree = "<group>"; };
		5441A0A019953F700003BB39 /* icon_39.png */ = {isa = PBXFileReference; lastKnownFileType = image.png; path = icon_39.png; sourceTree = "<group>"; };
		5441A0A119953F700003BB39 /* icon_40.png */ = {isa = PBXFileReference; lastKnownFileType = image.png; path = icon_40.png; sourceTree = "<group>"; };
		5441A0A219953F700003BB39 /* icon_41.png */ = {isa = PBXFileReference; lastKnownFileType = image.png; path = icon_41.png; sourceTree = "<group>"; };
		5441A0A319953F700003BB39 /* icon_42.png */ = {isa = PBXFileReference; lastKnownFileType = image.png; path = icon_42.png; sourceTree = "<group>"; };
		5441A0A419953F700003BB39 /* icon_43.png */ = {isa = PBXFileReference; lastKnownFileType = image.png; path = icon_43.png; sourceTree = "<group>"; };
		5441A0A519953F700003BB39 /* icon_44.png */ = {isa = PBXFileReference; lastKnownFileType = image.png; path = icon_44.png; sourceTree = "<group>"; };
		5441A0A619953F700003BB39 /* icon_45.png */ = {isa = PBXFileReference; lastKnownFileType = image.png; path = icon_45.png; sourceTree = "<group>"; };
		5441A0A719953F700003BB39 /* icon_46.png */ = {isa = PBXFileReference; lastKnownFileType = image.png; path = icon_46.png; sourceTree = "<group>"; };
		5441A0A819953F700003BB39 /* icon_47.png */ = {isa = PBXFileReference; lastKnownFileType = image.png; path = icon_47.png; sourceTree = "<group>"; };
		5441A0A919953F700003BB39 /* icon_48.png */ = {isa = PBXFileReference; lastKnownFileType = image.png; path = icon_48.png; sourceTree = "<group>"; };
		5441A0AA19953F700003BB39 /* icon_49.png */ = {isa = PBXFileReference; lastKnownFileType = image.png; path = icon_49.png; sourceTree = "<group>"; };
		5441A0AB19953F700003BB39 /* icon_50.png */ = {isa = PBXFileReference; lastKnownFileType = image.png; path = icon_50.png; sourceTree = "<group>"; };
		5441A0AC19953F700003BB39 /* icon_51.png */ = {isa = PBXFileReference; lastKnownFileType = image.png; path = icon_51.png; sourceTree = "<group>"; };
		5441A0AD19953F700003BB39 /* icon_52.png */ = {isa = PBXFileReference; lastKnownFileType = image.png; path = icon_52.png; sourceTree = "<group>"; };
		5441A0AE19953F700003BB39 /* icon_53.png */ = {isa = PBXFileReference; lastKnownFileType = image.png; path = icon_53.png; sourceTree = "<group>"; };
		5441A0AF19953F700003BB39 /* icon_54.png */ = {isa = PBXFileReference; lastKnownFileType = image.png; path = icon_54.png; sourceTree = "<group>"; };
		5441A0B019953F700003BB39 /* icon_55.png */ = {isa = PBXFileReference; lastKnownFileType = image.png; path = icon_55.png; sourceTree = "<group>"; };
		5441A0B119953F700003BB39 /* icon_56.png */ = {isa = PBXFileReference; lastKnownFileType = image.png; path = icon_56.png; sourceTree = "<group>"; };
		5441A0B219953F700003BB39 /* icon_57.png */ = {isa = PBXFileReference; lastKnownFileType = image.png; path = icon_57.png; sourceTree = "<group>"; };
		5441A0B319953F700003BB39 /* icon_58.png */ = {isa = PBXFileReference; lastKnownFileType = image.png; path = icon_58.png; sourceTree = "<group>"; };
		5441A0B419953F700003BB39 /* ip.png */ = {isa = PBXFileReference; lastKnownFileType = image.png; path = ip.png; sourceTree = "<group>"; };
		5441A0B519953F700003BB39 /* main_password.png */ = {isa = PBXFileReference; lastKnownFileType = image.png; path = main_password.png; sourceTree = "<group>"; };
		5441A0B619953F700003BB39 /* my_email.png */ = {isa = PBXFileReference; lastKnownFileType = image.png; path = my_email.png; sourceTree = "<group>"; };
		5441A0B719953F700003BB39 /* not_approved.png */ = {isa = PBXFileReference; lastKnownFileType = image.png; path = not_approved.png; sourceTree = "<group>"; };
		5441A0B819953F700003BB39 /* password.png */ = {isa = PBXFileReference; lastKnownFileType = image.png; path = password.png; sourceTree = "<group>"; };
		5441A0B919953F700003BB39 /* restore.png */ = {isa = PBXFileReference; lastKnownFileType = image.png; path = restore.png; sourceTree = "<group>"; };
		5441A0BA19953F700003BB39 /* save.png */ = {isa = PBXFileReference; lastKnownFileType = image.png; path = save.png; sourceTree = "<group>"; };
		5441A0BB19953F700003BB39 /* send_data.png */ = {isa = PBXFileReference; lastKnownFileType = image.png; path = send_data.png; sourceTree = "<group>"; };
		5441A0BD19953F700003BB39 /* type_check_failed.png */ = {isa = PBXFileReference; lastKnownFileType = image.png; path = type_check_failed.png; sourceTree = "<group>"; };
		5441A0BE19953F700003BB39 /* type_check_success.png */ = {isa = PBXFileReference; lastKnownFileType = image.png; path = type_check_success.png; sourceTree = "<group>"; };
		5441A0BF19953F700003BB39 /* user_block.png */ = {isa = PBXFileReference; lastKnownFileType = image.png; path = user_block.png; sourceTree = "<group>"; };
		5441A0C019953F700003BB39 /* user_warning.png */ = {isa = PBXFileReference; lastKnownFileType = image.png; path = user_warning.png; sourceTree = "<group>"; };
		5441A0C119953F700003BB39 /* username.png */ = {isa = PBXFileReference; lastKnownFileType = image.png; path = username.png; sourceTree = "<group>"; };
		5441A116199543CA0003BB39 /* share2@2x.png */ = {isa = PBXFileReference; lastKnownFileType = image.png; path = "share2@2x.png"; sourceTree = "<group>"; };
		5441A118199544AC0003BB39 /* edit_profile22@2x.png */ = {isa = PBXFileReference; lastKnownFileType = image.png; path = "edit_profile22@2x.png"; sourceTree = "<group>"; };
		5441A11A199546580003BB39 /* logo@2x.png */ = {isa = PBXFileReference; lastKnownFileType = image.png; path = "logo@2x.png"; sourceTree = "<group>"; };
		5441A11C199671270003BB39 /* RequestCell.h */ = {isa = PBXFileReference; fileEncoding = 4; lastKnownFileType = sourcecode.c.h; path = RequestCell.h; sourceTree = "<group>"; };
		5441A11D199671270003BB39 /* RequestCell.m */ = {isa = PBXFileReference; fileEncoding = 4; lastKnownFileType = sourcecode.c.objc; path = RequestCell.m; sourceTree = "<group>"; };
		544D00641983FB9E00B338D1 /* GlobalData.h */ = {isa = PBXFileReference; fileEncoding = 4; lastKnownFileType = sourcecode.c.h; path = GlobalData.h; sourceTree = "<group>"; };
		544D00651983FB9E00B338D1 /* GlobalData.m */ = {isa = PBXFileReference; fileEncoding = 4; lastKnownFileType = sourcecode.c.objc; path = GlobalData.m; sourceTree = "<group>"; };
		544D006A1984341300B338D1 /* SettingsCell.h */ = {isa = PBXFileReference; fileEncoding = 4; lastKnownFileType = sourcecode.c.h; path = SettingsCell.h; sourceTree = "<group>"; };
		544D006B1984341300B338D1 /* SettingsCell.m */ = {isa = PBXFileReference; fileEncoding = 4; lastKnownFileType = sourcecode.c.objc; path = SettingsCell.m; sourceTree = "<group>"; };
		544D006D1984345700B338D1 /* SettingsVC.h */ = {isa = PBXFileReference; fileEncoding = 4; lastKnownFileType = sourcecode.c.h; path = SettingsVC.h; sourceTree = "<group>"; };
		544D006E1984345700B338D1 /* SettingsVC.m */ = {isa = PBXFileReference; fileEncoding = 4; lastKnownFileType = sourcecode.c.objc; path = SettingsVC.m; sourceTree = "<group>"; };
		544D00711984382200B338D1 /* testimage.png */ = {isa = PBXFileReference; lastKnownFileType = image.png; path = testimage.png; sourceTree = "<group>"; };
		544D00721984382200B338D1 /* testimage@2x.png */ = {isa = PBXFileReference; lastKnownFileType = image.png; path = "testimage@2x.png"; sourceTree = "<group>"; };
		544D975219562F67006C009B /* Mykee.app */ = {isa = PBXFileReference; explicitFileType = wrapper.application; includeInIndex = 0; path = Mykee.app; sourceTree = BUILT_PRODUCTS_DIR; };
		544D975519562F67006C009B /* Foundation.framework */ = {isa = PBXFileReference; lastKnownFileType = wrapper.framework; name = Foundation.framework; path = System/Library/Frameworks/Foundation.framework; sourceTree = SDKROOT; };
		544D975719562F67006C009B /* CoreGraphics.framework */ = {isa = PBXFileReference; lastKnownFileType = wrapper.framework; name = CoreGraphics.framework; path = System/Library/Frameworks/CoreGraphics.framework; sourceTree = SDKROOT; };
		544D975919562F67006C009B /* UIKit.framework */ = {isa = PBXFileReference; lastKnownFileType = wrapper.framework; name = UIKit.framework; path = System/Library/Frameworks/UIKit.framework; sourceTree = SDKROOT; };
		544D975D19562F67006C009B /* Mykee-Info.plist */ = {isa = PBXFileReference; lastKnownFileType = text.plist.xml; path = "Mykee-Info.plist"; sourceTree = "<group>"; };
		544D975F19562F67006C009B /* en */ = {isa = PBXFileReference; lastKnownFileType = text.plist.strings; name = en; path = en.lproj/InfoPlist.strings; sourceTree = "<group>"; };
		544D976119562F67006C009B /* main.m */ = {isa = PBXFileReference; lastKnownFileType = sourcecode.c.objc; path = main.m; sourceTree = "<group>"; };
		544D976319562F67006C009B /* Mykeen-Prefix.pch */ = {isa = PBXFileReference; lastKnownFileType = sourcecode.c.h; path = "Mykeen-Prefix.pch"; sourceTree = "<group>"; };
		544D976419562F67006C009B /* AppDelegate.h */ = {isa = PBXFileReference; lastKnownFileType = sourcecode.c.h; path = AppDelegate.h; sourceTree = "<group>"; };
		544D976519562F67006C009B /* AppDelegate.m */ = {isa = PBXFileReference; lastKnownFileType = sourcecode.c.objc; path = AppDelegate.m; sourceTree = "<group>"; };
		544D976819562F67006C009B /* Base */ = {isa = PBXFileReference; lastKnownFileType = file.storyboard; name = Base; path = Base.lproj/Main.storyboard; sourceTree = "<group>"; };
		544D976D19562F67006C009B /* Images.xcassets */ = {isa = PBXFileReference; lastKnownFileType = folder.assetcatalog; path = Images.xcassets; sourceTree = "<group>"; };
		544D977319562F67006C009B /* MykeeTests.xctest */ = {isa = PBXFileReference; explicitFileType = wrapper.cfbundle; includeInIndex = 0; path = MykeeTests.xctest; sourceTree = BUILT_PRODUCTS_DIR; };
		544D977419562F67006C009B /* XCTest.framework */ = {isa = PBXFileReference; lastKnownFileType = wrapper.framework; name = XCTest.framework; path = Library/Frameworks/XCTest.framework; sourceTree = DEVELOPER_DIR; };
		544D977C19562F67006C009B /* MykeenTests-Info.plist */ = {isa = PBXFileReference; lastKnownFileType = text.plist.xml; path = "MykeenTests-Info.plist"; sourceTree = "<group>"; };
		544D977E19562F67006C009B /* en */ = {isa = PBXFileReference; lastKnownFileType = text.plist.strings; name = en; path = en.lproj/InfoPlist.strings; sourceTree = "<group>"; };
		544D978019562F67006C009B /* MykeenTests.m */ = {isa = PBXFileReference; lastKnownFileType = sourcecode.c.objc; path = MykeenTests.m; sourceTree = "<group>"; };
		544D978B195636D7006C009B /* LoginFirstVC.h */ = {isa = PBXFileReference; fileEncoding = 4; lastKnownFileType = sourcecode.c.h; path = LoginFirstVC.h; sourceTree = "<group>"; };
		544D978C195636D7006C009B /* LoginFirstVC.m */ = {isa = PBXFileReference; fileEncoding = 4; lastKnownFileType = sourcecode.c.objc; path = LoginFirstVC.m; sourceTree = "<group>"; };
		544D978E195636EB006C009B /* LoginSecondVC.h */ = {isa = PBXFileReference; fileEncoding = 4; lastKnownFileType = sourcecode.c.h; path = LoginSecondVC.h; sourceTree = "<group>"; };
		544D978F195636EB006C009B /* LoginSecondVC.m */ = {isa = PBXFileReference; fileEncoding = 4; lastKnownFileType = sourcecode.c.objc; path = LoginSecondVC.m; sourceTree = "<group>"; };
		544D979219563D02006C009B /* Constants.h */ = {isa = PBXFileReference; fileEncoding = 4; lastKnownFileType = sourcecode.c.h; path = Constants.h; sourceTree = "<group>"; };
		544DD8F719620FC7004D0125 /* ItemCell.h */ = {isa = PBXFileReference; fileEncoding = 4; lastKnownFileType = sourcecode.c.h; path = ItemCell.h; sourceTree = "<group>"; };
		544DD8F819620FC7004D0125 /* ItemCell.m */ = {isa = PBXFileReference; fileEncoding = 4; lastKnownFileType = sourcecode.c.objc; path = ItemCell.m; sourceTree = "<group>"; };
		544DD8FA19620FD8004D0125 /* NewCell.h */ = {isa = PBXFileReference; fileEncoding = 4; lastKnownFileType = sourcecode.c.h; path = NewCell.h; sourceTree = "<group>"; };
		544DD8FB19620FD8004D0125 /* NewCell.m */ = {isa = PBXFileReference; fileEncoding = 4; lastKnownFileType = sourcecode.c.objc; path = NewCell.m; sourceTree = "<group>"; };
		544DD94119621B6B004D0125 /* Item.h */ = {isa = PBXFileReference; fileEncoding = 4; lastKnownFileType = sourcecode.c.h; path = Item.h; sourceTree = "<group>"; };
		544DD94219621B6B004D0125 /* Item.m */ = {isa = PBXFileReference; fileEncoding = 4; lastKnownFileType = sourcecode.c.objc; path = Item.m; sourceTree = "<group>"; };
		545A76C01A2A48D6008D6F0C /* SendViewController.h */ = {isa = PBXFileReference; fileEncoding = 4; lastKnownFileType = sourcecode.c.h; path = SendViewController.h; sourceTree = "<group>"; };
		545A76C11A2A48D6008D6F0C /* SendViewController.m */ = {isa = PBXFileReference; fileEncoding = 4; lastKnownFileType = sourcecode.c.objc; path = SendViewController.m; sourceTree = "<group>"; };
		547145DA1A4AF92E00B236E0 /* CancelCell.h */ = {isa = PBXFileReference; fileEncoding = 4; lastKnownFileType = sourcecode.c.h; path = CancelCell.h; sourceTree = "<group>"; };
		547145DB1A4AF92E00B236E0 /* CancelCell.m */ = {isa = PBXFileReference; fileEncoding = 4; lastKnownFileType = sourcecode.c.objc; path = CancelCell.m; sourceTree = "<group>"; };
		547145DD1A4EEC9F00B236E0 /* MyPersonalLinkCell.h */ = {isa = PBXFileReference; fileEncoding = 4; lastKnownFileType = sourcecode.c.h; path = MyPersonalLinkCell.h; sourceTree = "<group>"; };
		547145DE1A4EEC9F00B236E0 /* MyPersonalLinkCell.m */ = {isa = PBXFileReference; fileEncoding = 4; lastKnownFileType = sourcecode.c.objc; path = MyPersonalLinkCell.m; sourceTree = "<group>"; };
		549948EE1A20E0F400384F37 /* newrelic_postbuild.sh */ = {isa = PBXFileReference; lastKnownFileType = text.script.sh; path = newrelic_postbuild.sh; sourceTree = "<group>"; };
		54B820DD197F18A700950904 /* NSData+Crypto.h */ = {isa = PBXFileReference; fileEncoding = 4; lastKnownFileType = sourcecode.c.h; path = "NSData+Crypto.h"; sourceTree = "<group>"; };
		54B820DE197F18A700950904 /* NSData+Crypto.m */ = {isa = PBXFileReference; fileEncoding = 4; lastKnownFileType = sourcecode.c.objc; path = "NSData+Crypto.m"; sourceTree = "<group>"; };
		54B820E0197F18F100950904 /* NSString+Crypto.h */ = {isa = PBXFileReference; fileEncoding = 4; lastKnownFileType = sourcecode.c.h; path = "NSString+Crypto.h"; sourceTree = "<group>"; };
		54B820E1197F18F100950904 /* NSString+Crypto.m */ = {isa = PBXFileReference; fileEncoding = 4; lastKnownFileType = sourcecode.c.objc; path = "NSString+Crypto.m"; sourceTree = "<group>"; };
		54DBAA5D19DEF77F005E596F /* IconVC.h */ = {isa = PBXFileReference; fileEncoding = 4; lastKnownFileType = sourcecode.c.h; path = IconVC.h; sourceTree = "<group>"; };
		54DBAA5E19DEF77F005E596F /* IconVC.m */ = {isa = PBXFileReference; fileEncoding = 4; lastKnownFileType = sourcecode.c.objc; path = IconVC.m; sourceTree = "<group>"; };
		54DBAA6019DEF8FC005E596F /* IconCell.h */ = {isa = PBXFileReference; fileEncoding = 4; lastKnownFileType = sourcecode.c.h; path = IconCell.h; sourceTree = "<group>"; };
		54DBAA6119DEF8FC005E596F /* IconCell.m */ = {isa = PBXFileReference; fileEncoding = 4; lastKnownFileType = sourcecode.c.objc; path = IconCell.m; sourceTree = "<group>"; };
		54E199E7195A3A0A00D2BB67 /* GADAdMobExtras.h */ = {isa = PBXFileReference; fileEncoding = 4; lastKnownFileType = sourcecode.c.h; path = GADAdMobExtras.h; sourceTree = "<group>"; };
		54E199E8195A3A0A00D2BB67 /* GADAdNetworkExtras.h */ = {isa = PBXFileReference; fileEncoding = 4; lastKnownFileType = sourcecode.c.h; path = GADAdNetworkExtras.h; sourceTree = "<group>"; };
		54E199E9195A3A0A00D2BB67 /* GADAdSize.h */ = {isa = PBXFileReference; fileEncoding = 4; lastKnownFileType = sourcecode.c.h; path = GADAdSize.h; sourceTree = "<group>"; };
		54E199EA195A3A0A00D2BB67 /* GADBannerView.h */ = {isa = PBXFileReference; fileEncoding = 4; lastKnownFileType = sourcecode.c.h; path = GADBannerView.h; sourceTree = "<group>"; };
		54E199EB195A3A0A00D2BB67 /* GADBannerViewDelegate.h */ = {isa = PBXFileReference; fileEncoding = 4; lastKnownFileType = sourcecode.c.h; path = GADBannerViewDelegate.h; sourceTree = "<group>"; };
		54E199EC195A3A0A00D2BB67 /* GADInAppPurchase.h */ = {isa = PBXFileReference; fileEncoding = 4; lastKnownFileType = sourcecode.c.h; path = GADInAppPurchase.h; sourceTree = "<group>"; };
		54E199ED195A3A0A00D2BB67 /* GADInAppPurchaseDelegate.h */ = {isa = PBXFileReference; fileEncoding = 4; lastKnownFileType = sourcecode.c.h; path = GADInAppPurchaseDelegate.h; sourceTree = "<group>"; };
		54E199EE195A3A0A00D2BB67 /* GADInterstitial.h */ = {isa = PBXFileReference; fileEncoding = 4; lastKnownFileType = sourcecode.c.h; path = GADInterstitial.h; sourceTree = "<group>"; };
		54E199EF195A3A0A00D2BB67 /* GADInterstitialDelegate.h */ = {isa = PBXFileReference; fileEncoding = 4; lastKnownFileType = sourcecode.c.h; path = GADInterstitialDelegate.h; sourceTree = "<group>"; };
		54E199F0195A3A0A00D2BB67 /* GADModules.h */ = {isa = PBXFileReference; fileEncoding = 4; lastKnownFileType = sourcecode.c.h; path = GADModules.h; sourceTree = "<group>"; };
		54E199F1195A3A0A00D2BB67 /* GADRequest.h */ = {isa = PBXFileReference; fileEncoding = 4; lastKnownFileType = sourcecode.c.h; path = GADRequest.h; sourceTree = "<group>"; };
		54E199F2195A3A0A00D2BB67 /* GADRequestError.h */ = {isa = PBXFileReference; fileEncoding = 4; lastKnownFileType = sourcecode.c.h; path = GADRequestError.h; sourceTree = "<group>"; };
		54E199F3195A3A0A00D2BB67 /* libGoogleAdMobAds.a */ = {isa = PBXFileReference; lastKnownFileType = archive.ar; path = libGoogleAdMobAds.a; sourceTree = "<group>"; };
		54E199F4195A3A0A00D2BB67 /* README.txt */ = {isa = PBXFileReference; fileEncoding = 4; lastKnownFileType = text; path = README.txt; sourceTree = "<group>"; };
		54E199F8195A3B4300D2BB67 /* AdSupport.framework */ = {isa = PBXFileReference; lastKnownFileType = wrapper.framework; name = AdSupport.framework; path = System/Library/Frameworks/AdSupport.framework; sourceTree = SDKROOT; };
		54E199FA195A3B4F00D2BB67 /* AudioToolbox.framework */ = {isa = PBXFileReference; lastKnownFileType = wrapper.framework; name = AudioToolbox.framework; path = System/Library/Frameworks/AudioToolbox.framework; sourceTree = SDKROOT; };
		54E199FC195A3B6200D2BB67 /* AVFoundation.framework */ = {isa = PBXFileReference; lastKnownFileType = wrapper.framework; name = AVFoundation.framework; path = System/Library/Frameworks/AVFoundation.framework; sourceTree = SDKROOT; };
		54E199FE195A3B7B00D2BB67 /* CoreTelephony.framework */ = {isa = PBXFileReference; lastKnownFileType = wrapper.framework; name = CoreTelephony.framework; path = System/Library/Frameworks/CoreTelephony.framework; sourceTree = SDKROOT; };
		54E19A00195A3B8600D2BB67 /* MessageUI.framework */ = {isa = PBXFileReference; lastKnownFileType = wrapper.framework; name = MessageUI.framework; path = System/Library/Frameworks/MessageUI.framework; sourceTree = SDKROOT; };
		54E19A02195A3B8C00D2BB67 /* StoreKit.framework */ = {isa = PBXFileReference; lastKnownFileType = wrapper.framework; name = StoreKit.framework; path = System/Library/Frameworks/StoreKit.framework; sourceTree = SDKROOT; };
		54E19A04195A3B9800D2BB67 /* SystemConfiguration.framework */ = {isa = PBXFileReference; lastKnownFileType = wrapper.framework; name = SystemConfiguration.framework; path = System/Library/Frameworks/SystemConfiguration.framework; sourceTree = SDKROOT; };
/* End PBXFileReference section */

/* Begin PBXFrameworksBuildPhase section */
		544D974F19562F67006C009B /* Frameworks */ = {
			isa = PBXFrameworksBuildPhase;
			buildActionMask = 2147483647;
			files = (
				54E19A05195A3B9800D2BB67 /* SystemConfiguration.framework in Frameworks */,
				54E19A03195A3B8C00D2BB67 /* StoreKit.framework in Frameworks */,
				54E19A01195A3B8600D2BB67 /* MessageUI.framework in Frameworks */,
				54E199FF195A3B7B00D2BB67 /* CoreTelephony.framework in Frameworks */,
				544D975819562F67006C009B /* CoreGraphics.framework in Frameworks */,
				54E199FD195A3B6200D2BB67 /* AVFoundation.framework in Frameworks */,
				54E199FB195A3B4F00D2BB67 /* AudioToolbox.framework in Frameworks */,
				54E199F9195A3B4300D2BB67 /* AdSupport.framework in Frameworks */,
				544D975A19562F67006C009B /* UIKit.framework in Frameworks */,
				544D975619562F67006C009B /* Foundation.framework in Frameworks */,
				F790C883646D4F138A0E78B4 /* libPods.a in Frameworks */,
				54E199F5195A3A0A00D2BB67 /* libGoogleAdMobAds.a in Frameworks */,
			);
			runOnlyForDeploymentPostprocessing = 0;
		};
		544D977019562F67006C009B /* Frameworks */ = {
			isa = PBXFrameworksBuildPhase;
			buildActionMask = 2147483647;
			files = (
				544D977519562F67006C009B /* XCTest.framework in Frameworks */,
				544D977719562F67006C009B /* UIKit.framework in Frameworks */,
				544D977619562F67006C009B /* Foundation.framework in Frameworks */,
			);
			runOnlyForDeploymentPostprocessing = 0;
		};
/* End PBXFrameworksBuildPhase section */

/* Begin PBXGroup section */
		544D00701984381600B338D1 /* Images */ = {
			isa = PBXGroup;
			children = (
				5441A07019953F700003BB39 /* action_search.png */,
				5441A07119953F700003BB39 /* backup.png */,
				5441A118199544AC0003BB39 /* edit_profile22@2x.png */,
				5441A07219953F700003BB39 /* create_ticket.png */,
				5441A07319953F700003BB39 /* delete.png */,
				5441A07519953F700003BB39 /* edit_ticket.png */,
				5441A07619953F700003BB39 /* extra.png */,
				5441A07719953F700003BB39 /* file_pin.png */,
				5441A07819953F700003BB39 /* generate.png */,
				5441A07919953F700003BB39 /* ic_launcher.png */,
				5441A116199543CA0003BB39 /* share2@2x.png */,
				5441A07A19953F700003BB39 /* icon_1.png */,
				5441A07B19953F700003BB39 /* icon_2.png */,
				5441A07C19953F700003BB39 /* icon_3.png */,
				5441A07D19953F700003BB39 /* icon_4.png */,
				5441A07E19953F700003BB39 /* icon_5.png */,
				5441A07F19953F700003BB39 /* icon_6.png */,
				5441A08019953F700003BB39 /* icon_7.png */,
				5441A08119953F700003BB39 /* icon_8.png */,
				5441A08219953F700003BB39 /* icon_9.png */,
				5441A08319953F700003BB39 /* icon_10.png */,
				5441A08419953F700003BB39 /* icon_11.png */,
				5441A08519953F700003BB39 /* icon_12.png */,
				5441A08619953F700003BB39 /* icon_13.png */,
				5441A08719953F700003BB39 /* icon_14.png */,
				5441A08819953F700003BB39 /* icon_15.png */,
				5441A08919953F700003BB39 /* icon_16.png */,
				5441A08A19953F700003BB39 /* icon_17.png */,
				5441A08B19953F700003BB39 /* icon_18.png */,
				5441A08C19953F700003BB39 /* icon_19.png */,
				5441A08D19953F700003BB39 /* icon_20.png */,
				5441A08E19953F700003BB39 /* icon_21.png */,
				5441A08F19953F700003BB39 /* icon_22.png */,
				5441A09019953F700003BB39 /* icon_23.png */,
				5441A09119953F700003BB39 /* icon_24.png */,
				5441A09219953F700003BB39 /* icon_25.png */,
				5441A09319953F700003BB39 /* icon_26.png */,
				5441A09419953F700003BB39 /* icon_27.png */,
				5441A09519953F700003BB39 /* icon_28.png */,
				5441A09619953F700003BB39 /* icon_29.png */,
				5441A09719953F700003BB39 /* icon_30.png */,
				5441A09819953F700003BB39 /* icon_31.png */,
				5441A09919953F700003BB39 /* icon_32.png */,
				5441A09A19953F700003BB39 /* icon_33.png */,
				5441A09B19953F700003BB39 /* icon_34.png */,
				5441A09C19953F700003BB39 /* icon_35.png */,
				5441A09D19953F700003BB39 /* icon_36.png */,
				5441A09E19953F700003BB39 /* icon_37.png */,
				5441A09F19953F700003BB39 /* icon_38.png */,
				5441A0A019953F700003BB39 /* icon_39.png */,
				5441A0A119953F700003BB39 /* icon_40.png */,
				5441A0A219953F700003BB39 /* icon_41.png */,
				5441A0A319953F700003BB39 /* icon_42.png */,
				5441A0A419953F700003BB39 /* icon_43.png */,
				5441A0A519953F700003BB39 /* icon_44.png */,
				5441A0A619953F700003BB39 /* icon_45.png */,
				5441A0A719953F700003BB39 /* icon_46.png */,
				5441A0A819953F700003BB39 /* icon_47.png */,
				5441A0A919953F700003BB39 /* icon_48.png */,
				5441A0AA19953F700003BB39 /* icon_49.png */,
				5441A0AB19953F700003BB39 /* icon_50.png */,
				5441A0AC19953F700003BB39 /* icon_51.png */,
				5441A0AD19953F700003BB39 /* icon_52.png */,
				5441A0AE19953F700003BB39 /* icon_53.png */,
				5441A0AF19953F700003BB39 /* icon_54.png */,
				5441A0B019953F700003BB39 /* icon_55.png */,
				5441A0B119953F700003BB39 /* icon_56.png */,
				5441A0B219953F700003BB39 /* icon_57.png */,
				5441A0B319953F700003BB39 /* icon_58.png */,
				5441A0B419953F700003BB39 /* ip.png */,
				5441A0B519953F700003BB39 /* main_password.png */,
				5441A0B619953F700003BB39 /* my_email.png */,
				5441A0B719953F700003BB39 /* not_approved.png */,
				5441A0B819953F700003BB39 /* password.png */,
				5441A0B919953F700003BB39 /* restore.png */,
				5441A0BA19953F700003BB39 /* save.png */,
				5441A0BB19953F700003BB39 /* send_data.png */,
				5441A0BD19953F700003BB39 /* type_check_failed.png */,
				5441A0BE19953F700003BB39 /* type_check_success.png */,
				5441A0BF19953F700003BB39 /* user_block.png */,
				5441A0C019953F700003BB39 /* user_warning.png */,
				5441A0C119953F700003BB39 /* username.png */,
				5441A11A199546580003BB39 /* logo@2x.png */,
				544D00711984382200B338D1 /* testimage.png */,
				544D00721984382200B338D1 /* testimage@2x.png */,
			);
			name = Images;
			sourceTree = "<group>";
		};
		544D974919562F67006C009B = {
			isa = PBXGroup;
			children = (
				544D975B19562F67006C009B /* Mykeen */,
				544D977A19562F67006C009B /* MykeenTests */,
				544D975319562F67006C009B /* Products */,
				492AC8BE2B0244E2BDB5CAD4 /* Pods.xcconfig */,
			);
			sourceTree = "<group>";
		};
		544D975319562F67006C009B /* Products */ = {
			isa = PBXGroup;
			children = (
				544D975219562F67006C009B /* Mykee.app */,
				544D977319562F67006C009B /* MykeeTests.xctest */,
			);
			name = Products;
			sourceTree = "<group>";
		};
		544D975419562F67006C009B /* Frameworks */ = {
			isa = PBXGroup;
			children = (
				54E19A04195A3B9800D2BB67 /* SystemConfiguration.framework */,
				54E19A02195A3B8C00D2BB67 /* StoreKit.framework */,
				54E19A00195A3B8600D2BB67 /* MessageUI.framework */,
				54E199FE195A3B7B00D2BB67 /* CoreTelephony.framework */,
				54E199FC195A3B6200D2BB67 /* AVFoundation.framework */,
				54E199FA195A3B4F00D2BB67 /* AudioToolbox.framework */,
				54E199F8195A3B4300D2BB67 /* AdSupport.framework */,
				54E199F7195A3A8E00D2BB67 /* AdMob */,
				544D975519562F67006C009B /* Foundation.framework */,
				544D975719562F67006C009B /* CoreGraphics.framework */,
				544D975919562F67006C009B /* UIKit.framework */,
				544D977419562F67006C009B /* XCTest.framework */,
				150E76F3DF3240A6B049FF3D /* libPods.a */,
			);
			name = Frameworks;
			path = ..;
			sourceTree = "<group>";
		};
		544D975B19562F67006C009B /* Mykeen */ = {
			isa = PBXGroup;
			children = (
				544D00701984381600B338D1 /* Images */,
				544DD8F619620F87004D0125 /* Views */,
				544D979119563CEF006C009B /* Utils */,
				544D978A195636AA006C009B /* Controllers */,
				544D976419562F67006C009B /* AppDelegate.h */,
				544D976519562F67006C009B /* AppDelegate.m */,
				544D976719562F67006C009B /* Main.storyboard */,
				544D976D19562F67006C009B /* Images.xcassets */,
				544D975C19562F67006C009B /* Supporting Files */,
			);
			path = Mykeen;
			sourceTree = "<group>";
		};
		544D975C19562F67006C009B /* Supporting Files */ = {
			isa = PBXGroup;
			children = (
				544D975419562F67006C009B /* Frameworks */,
				544D975D19562F67006C009B /* Mykee-Info.plist */,
				544D975E19562F67006C009B /* InfoPlist.strings */,
				544D976119562F67006C009B /* main.m */,
				544D976319562F67006C009B /* Mykeen-Prefix.pch */,
				549948EE1A20E0F400384F37 /* newrelic_postbuild.sh */,
			);
			name = "Supporting Files";
			sourceTree = "<group>";
		};
		544D977A19562F67006C009B /* MykeenTests */ = {
			isa = PBXGroup;
			children = (
				544D978019562F67006C009B /* MykeenTests.m */,
				544D977B19562F67006C009B /* Supporting Files */,
			);
			path = MykeenTests;
			sourceTree = "<group>";
		};
		544D977B19562F67006C009B /* Supporting Files */ = {
			isa = PBXGroup;
			children = (
				544D977C19562F67006C009B /* MykeenTests-Info.plist */,
				544D977D19562F67006C009B /* InfoPlist.strings */,
			);
			name = "Supporting Files";
			sourceTree = "<group>";
		};
		544D978A195636AA006C009B /* Controllers */ = {
			isa = PBXGroup;
			children = (
				544D978B195636D7006C009B /* LoginFirstVC.h */,
				544D978C195636D7006C009B /* LoginFirstVC.m */,
				544D978E195636EB006C009B /* LoginSecondVC.h */,
				544D978F195636EB006C009B /* LoginSecondVC.m */,
				54049F43195E0369005DE048 /* MainViewController.h */,
				54049F44195E0369005DE048 /* MainViewController.m */,
				542816DB196A0BC900B88CF2 /* NewItemVC.h */,
				542816DC196A0BC900B88CF2 /* NewItemVC.m */,
				54DBAA5D19DEF77F005E596F /* IconVC.h */,
				54DBAA5E19DEF77F005E596F /* IconVC.m */,
				544D006D1984345700B338D1 /* SettingsVC.h */,
				545A76C01A2A48D6008D6F0C /* SendViewController.h */,
				545A76C11A2A48D6008D6F0C /* SendViewController.m */,
				544D006E1984345700B338D1 /* SettingsVC.m */,
				540B15E319CC8873003AE564 /* EmailViewController.h */,
				540B15E419CC8873003AE564 /* EmailViewController.m */,
			);
			name = Controllers;
			sourceTree = "<group>";
		};
		544D979119563CEF006C009B /* Utils */ = {
			isa = PBXGroup;
			children = (
				544D979219563D02006C009B /* Constants.h */,
				54049F46195E0736005DE048 /* Utils.h */,
				54049F47195E0736005DE048 /* Utils.m */,
				54B820DD197F18A700950904 /* NSData+Crypto.h */,
				54B820DE197F18A700950904 /* NSData+Crypto.m */,
				54B820E0197F18F100950904 /* NSString+Crypto.h */,
				54B820E1197F18F100950904 /* NSString+Crypto.m */,
				544D00641983FB9E00B338D1 /* GlobalData.h */,
				544D00651983FB9E00B338D1 /* GlobalData.m */,
			);
			name = Utils;
			sourceTree = "<group>";
		};
		544DD8F619620F87004D0125 /* Views */ = {
			isa = PBXGroup;
			children = (
				544DD8F719620FC7004D0125 /* ItemCell.h */,
				544DD8F819620FC7004D0125 /* ItemCell.m */,
				544DD8FA19620FD8004D0125 /* NewCell.h */,
				544DD8FB19620FD8004D0125 /* NewCell.m */,
				547145DD1A4EEC9F00B236E0 /* MyPersonalLinkCell.h */,
				547145DE1A4EEC9F00B236E0 /* MyPersonalLinkCell.m */,
				547145DA1A4AF92E00B236E0 /* CancelCell.h */,
				547145DB1A4AF92E00B236E0 /* CancelCell.m */,
				544DD94119621B6B004D0125 /* Item.h */,
				544DD94219621B6B004D0125 /* Item.m */,
				544D006A1984341300B338D1 /* SettingsCell.h */,
				544D006B1984341300B338D1 /* SettingsCell.m */,
				5441A11C199671270003BB39 /* RequestCell.h */,
				5441A11D199671270003BB39 /* RequestCell.m */,
				54DBAA6019DEF8FC005E596F /* IconCell.h */,
				54DBAA6119DEF8FC005E596F /* IconCell.m */,
			);
			name = Views;
			sourceTree = "<group>";
		};
		54E199F7195A3A8E00D2BB67 /* AdMob */ = {
			isa = PBXGroup;
			children = (
				54E199E7195A3A0A00D2BB67 /* GADAdMobExtras.h */,
				54E199E8195A3A0A00D2BB67 /* GADAdNetworkExtras.h */,
				54E199E9195A3A0A00D2BB67 /* GADAdSize.h */,
				54E199EA195A3A0A00D2BB67 /* GADBannerView.h */,
				54E199EB195A3A0A00D2BB67 /* GADBannerViewDelegate.h */,
				54E199EC195A3A0A00D2BB67 /* GADInAppPurchase.h */,
				54E199ED195A3A0A00D2BB67 /* GADInAppPurchaseDelegate.h */,
				54E199EE195A3A0A00D2BB67 /* GADInterstitial.h */,
				54E199EF195A3A0A00D2BB67 /* GADInterstitialDelegate.h */,
				54E199F0195A3A0A00D2BB67 /* GADModules.h */,
				54E199F1195A3A0A00D2BB67 /* GADRequest.h */,
				54E199F2195A3A0A00D2BB67 /* GADRequestError.h */,
				54E199F3195A3A0A00D2BB67 /* libGoogleAdMobAds.a */,
				54E199F4195A3A0A00D2BB67 /* README.txt */,
			);
			name = AdMob;
			sourceTree = "<group>";
		};
/* End PBXGroup section */

/* Begin PBXNativeTarget section */
		544D975119562F67006C009B /* Mykee */ = {
			isa = PBXNativeTarget;
			buildConfigurationList = 544D978419562F67006C009B /* Build configuration list for PBXNativeTarget "Mykee" */;
			buildPhases = (
				22ED28A0281E4FA68CC906D0 /* Check Pods Manifest.lock */,
				544D974E19562F67006C009B /* Sources */,
				544D974F19562F67006C009B /* Frameworks */,
				544D975019562F67006C009B /* Resources */,
				ADBEAA31C4334829B2A095C6 /* Copy Pods Resources */,
				54FEBE7B1A20BDD80075B938 /* ShellScript */,
			);
			buildRules = (
			);
			dependencies = (
			);
			name = Mykee;
			productName = Mykeen;
			productReference = 544D975219562F67006C009B /* Mykee.app */;
			productType = "com.apple.product-type.application";
		};
		544D977219562F67006C009B /* MykeeTests */ = {
			isa = PBXNativeTarget;
			buildConfigurationList = 544D978719562F67006C009B /* Build configuration list for PBXNativeTarget "MykeeTests" */;
			buildPhases = (
				544D976F19562F67006C009B /* Sources */,
				544D977019562F67006C009B /* Frameworks */,
				544D977119562F67006C009B /* Resources */,
			);
			buildRules = (
			);
			dependencies = (
				544D977919562F67006C009B /* PBXTargetDependency */,
			);
			name = MykeeTests;
			productName = MykeenTests;
			productReference = 544D977319562F67006C009B /* MykeeTests.xctest */;
			productType = "com.apple.product-type.bundle.unit-test";
		};
/* End PBXNativeTarget section */

/* Begin PBXProject section */
		544D974A19562F67006C009B /* Project object */ = {
			isa = PBXProject;
			attributes = {
				CLASSPREFIX = Mykeen;
				LastUpgradeCheck = 0510;
				ORGANIZATIONNAME = Mykeen;
				TargetAttributes = {
					544D975119562F67006C009B = {
						DevelopmentTeam = 654Y4Q74R4;
					};
					544D977219562F67006C009B = {
						TestTargetID = 544D975119562F67006C009B;
					};
				};
			};
			buildConfigurationList = 544D974D19562F67006C009B /* Build configuration list for PBXProject "Mykee" */;
			compatibilityVersion = "Xcode 3.2";
			developmentRegion = English;
			hasScannedForEncodings = 0;
			knownRegions = (
				en,
				Base,
			);
			mainGroup = 544D974919562F67006C009B;
			productRefGroup = 544D975319562F67006C009B /* Products */;
			projectDirPath = "";
			projectRoot = "";
			targets = (
				544D975119562F67006C009B /* Mykee */,
				544D977219562F67006C009B /* MykeeTests */,
			);
		};
/* End PBXProject section */

/* Begin PBXResourcesBuildPhase section */
		544D975019562F67006C009B /* Resources */ = {
			isa = PBXResourcesBuildPhase;
			buildActionMask = 2147483647;
			files = (
				5441A10419953F700003BB39 /* icon_57.png in Resources */,
				5441A0F219953F700003BB39 /* icon_39.png in Resources */,
				5441A10119953F700003BB39 /* icon_54.png in Resources */,
				5441A10719953F700003BB39 /* main_password.png in Resources */,
				5441A0F419953F700003BB39 /* icon_41.png in Resources */,
				544D00731984382200B338D1 /* testimage.png in Resources */,
				5441A0F319953F700003BB39 /* icon_40.png in Resources */,
				544D976E19562F67006C009B /* Images.xcassets in Resources */,
				5441A0F619953F700003BB39 /* icon_43.png in Resources */,
				5441A0C219953F700003BB39 /* action_search.png in Resources */,
				5441A10519953F700003BB39 /* icon_58.png in Resources */,
				5441A0D019953F700003BB39 /* icon_5.png in Resources */,
				5441A0FC19953F700003BB39 /* icon_49.png in Resources */,
				5441A0E519953F700003BB39 /* icon_26.png in Resources */,
				5441A0C319953F700003BB39 /* backup.png in Resources */,
				5441A0D719953F700003BB39 /* icon_12.png in Resources */,
				5441A10619953F700003BB39 /* ip.png in Resources */,
				5441A0E819953F700003BB39 /* icon_29.png in Resources */,
				5441A10B19953F700003BB39 /* restore.png in Resources */,
				5441A0FD19953F700003BB39 /* icon_50.png in Resources */,
				5441A0E019953F700003BB39 /* icon_21.png in Resources */,
				5441A11019953F700003BB39 /* type_check_success.png in Resources */,
				5441A0DD19953F700003BB39 /* icon_18.png in Resources */,
				544D00741984382200B338D1 /* testimage@2x.png in Resources */,
				5441A0CA19953F700003BB39 /* generate.png in Resources */,
				5441A0D819953F700003BB39 /* icon_13.png in Resources */,
				5441A0E619953F700003BB39 /* icon_27.png in Resources */,
				5441A10919953F700003BB39 /* not_approved.png in Resources */,
				5441A0E319953F700003BB39 /* icon_24.png in Resources */,
				5441A0C419953F700003BB39 /* create_ticket.png in Resources */,
				544D976019562F67006C009B /* InfoPlist.strings in Resources */,
				5441A10319953F700003BB39 /* icon_56.png in Resources */,
				5441A0D619953F700003BB39 /* icon_11.png in Resources */,
				5441A0DB19953F700003BB39 /* icon_16.png in Resources */,
				5441A0CF19953F700003BB39 /* icon_4.png in Resources */,
				5441A11B199546580003BB39 /* logo@2x.png in Resources */,
				5441A0DF19953F700003BB39 /* icon_20.png in Resources */,
				5441A0CD19953F700003BB39 /* icon_2.png in Resources */,
				5441A0F519953F700003BB39 /* icon_42.png in Resources */,
				5441A119199544AC0003BB39 /* edit_profile22@2x.png in Resources */,
				5441A0F919953F700003BB39 /* icon_46.png in Resources */,
				54E199F6195A3A0A00D2BB67 /* README.txt in Resources */,
				5441A0E119953F700003BB39 /* icon_22.png in Resources */,
				5441A10819953F700003BB39 /* my_email.png in Resources */,
				5441A0ED19953F700003BB39 /* icon_34.png in Resources */,
				5441A0C519953F700003BB39 /* delete.png in Resources */,
				5441A0DE19953F700003BB39 /* icon_19.png in Resources */,
				5441A0C819953F700003BB39 /* extra.png in Resources */,
				5441A0E419953F700003BB39 /* icon_25.png in Resources */,
				5441A0D119953F700003BB39 /* icon_6.png in Resources */,
				5441A0FA19953F700003BB39 /* icon_47.png in Resources */,
				5441A0F819953F700003BB39 /* icon_45.png in Resources */,
				5441A117199543CA0003BB39 /* share2@2x.png in Resources */,
				5441A0D919953F700003BB39 /* icon_14.png in Resources */,
				544D976919562F67006C009B /* Main.storyboard in Resources */,
				5441A11219953F700003BB39 /* user_warning.png in Resources */,
				5441A10219953F700003BB39 /* icon_55.png in Resources */,
				5441A0C719953F700003BB39 /* edit_ticket.png in Resources */,
				5441A0E719953F700003BB39 /* icon_28.png in Resources */,
				5441A0DA19953F700003BB39 /* icon_15.png in Resources */,
				5441A10C19953F700003BB39 /* save.png in Resources */,
				5441A0D219953F700003BB39 /* icon_7.png in Resources */,
				5441A0CC19953F700003BB39 /* icon_1.png in Resources */,
				5441A0CE19953F700003BB39 /* icon_3.png in Resources */,
				5441A11319953F700003BB39 /* username.png in Resources */,
				5441A0EC19953F700003BB39 /* icon_33.png in Resources */,
				5441A0D519953F700003BB39 /* icon_10.png in Resources */,
				5441A0F019953F700003BB39 /* icon_37.png in Resources */,
				5441A10D19953F700003BB39 /* send_data.png in Resources */,
				5441A0FB19953F700003BB39 /* icon_48.png in Resources */,
				5441A0EA19953F700003BB39 /* icon_31.png in Resources */,
				5441A0D319953F700003BB39 /* icon_8.png in Resources */,
				5441A0E219953F700003BB39 /* icon_23.png in Resources */,
				5441A11119953F700003BB39 /* user_block.png in Resources */,
				5441A0E919953F700003BB39 /* icon_30.png in Resources */,
				5441A0FF19953F700003BB39 /* icon_52.png in Resources */,
				5441A0FE19953F700003BB39 /* icon_51.png in Resources */,
				5441A0EB19953F700003BB39 /* icon_32.png in Resources */,
				5441A0C919953F700003BB39 /* file_pin.png in Resources */,
				5441A10019953F700003BB39 /* icon_53.png in Resources */,
				5441A0EF19953F700003BB39 /* icon_36.png in Resources */,
				5441A0F119953F700003BB39 /* icon_38.png in Resources */,
				5441A10A19953F700003BB39 /* password.png in Resources */,
				5441A0CB19953F700003BB39 /* ic_launcher.png in Resources */,
				5441A10F19953F700003BB39 /* type_check_failed.png in Resources */,
				5441A0DC19953F700003BB39 /* icon_17.png in Resources */,
				5441A0EE19953F700003BB39 /* icon_35.png in Resources */,
				5441A0F719953F700003BB39 /* icon_44.png in Resources */,
				5441A0D419953F700003BB39 /* icon_9.png in Resources */,
			);
			runOnlyForDeploymentPostprocessing = 0;
		};
		544D977119562F67006C009B /* Resources */ = {
			isa = PBXResourcesBuildPhase;
			buildActionMask = 2147483647;
			files = (
				544D977F19562F67006C009B /* InfoPlist.strings in Resources */,
			);
			runOnlyForDeploymentPostprocessing = 0;
		};
/* End PBXResourcesBuildPhase section */

/* Begin PBXShellScriptBuildPhase section */
		22ED28A0281E4FA68CC906D0 /* Check Pods Manifest.lock */ = {
			isa = PBXShellScriptBuildPhase;
			buildActionMask = 2147483647;
			files = (
			);
			inputPaths = (
			);
			name = "Check Pods Manifest.lock";
			outputPaths = (
			);
			runOnlyForDeploymentPostprocessing = 0;
			shellPath = /bin/sh;
			shellScript = "diff \"${PODS_ROOT}/../Podfile.lock\" \"${PODS_ROOT}/Manifest.lock\" > /dev/null\nif [[ $? != 0 ]] ; then\n    cat << EOM\nerror: The sandbox is not in sync with the Podfile.lock. Run 'pod install' or update your CocoaPods installation.\nEOM\n    exit 1\nfi\n";
			showEnvVarsInLog = 0;
		};
		54FEBE7B1A20BDD80075B938 /* ShellScript */ = {
			isa = PBXShellScriptBuildPhase;
			buildActionMask = 2147483647;
			files = (
			);
			inputPaths = (
			);
			outputPaths = (
			);
			runOnlyForDeploymentPostprocessing = 0;
			shellPath = /bin/sh;
			shellScript = "SCRIPT=`/usr/bin/find \"${SRCROOT}\" -name newrelic_postbuild.sh | head -n 1`\n\n/bin/sh \"${SCRIPT}\" \"AAc11ebefd60e91ad400438ffcad69c27e4b4e3d0e\"";
		};
		ADBEAA31C4334829B2A095C6 /* Copy Pods Resources */ = {
			isa = PBXShellScriptBuildPhase;
			buildActionMask = 2147483647;
			files = (
			);
			inputPaths = (
			);
			name = "Copy Pods Resources";
			outputPaths = (
			);
			runOnlyForDeploymentPostprocessing = 0;
			shellPath = /bin/sh;
			shellScript = "\"${SRCROOT}/Pods/Pods-resources.sh\"\n";
			showEnvVarsInLog = 0;
		};
/* End PBXShellScriptBuildPhase section */

/* Begin PBXSourcesBuildPhase section */
		544D974E19562F67006C009B /* Sources */ = {
			isa = PBXSourcesBuildPhase;
			buildActionMask = 2147483647;
			files = (
				544D006C1984341300B338D1 /* SettingsCell.m in Sources */,
				5441A11E199671270003BB39 /* RequestCell.m in Sources */,
				544DD94319621B6B004D0125 /* Item.m in Sources */,
				54DBAA5F19DEF77F005E596F /* IconVC.m in Sources */,
				544D00661983FB9E00B338D1 /* GlobalData.m in Sources */,
				547145DF1A4EEC9F00B236E0 /* MyPersonalLinkCell.m in Sources */,
				54049F45195E0369005DE048 /* MainViewController.m in Sources */,
				544D9790195636EB006C009B /* LoginSecondVC.m in Sources */,
				544D978D195636D7006C009B /* LoginFirstVC.m in Sources */,
				54B820E2197F18F100950904 /* NSString+Crypto.m in Sources */,
				544DD8F919620FC7004D0125 /* ItemCell.m in Sources */,
				542816DD196A0BC900B88CF2 /* NewItemVC.m in Sources */,
				54DBAA6219DEF8FC005E596F /* IconCell.m in Sources */,
				544D976219562F67006C009B /* main.m in Sources */,
				54049F48195E0736005DE048 /* Utils.m in Sources */,
				544D006F1984345700B338D1 /* SettingsVC.m in Sources */,
				54B820DF197F18A700950904 /* NSData+Crypto.m in Sources */,
				545A76C21A2A48D6008D6F0C /* SendViewController.m in Sources */,
				544DD8FC19620FD8004D0125 /* NewCell.m in Sources */,
				547145DC1A4AF92E00B236E0 /* CancelCell.m in Sources */,
				540B15E519CC8873003AE564 /* EmailViewController.m in Sources */,
				544D976619562F67006C009B /* AppDelegate.m in Sources */,
			);
			runOnlyForDeploymentPostprocessing = 0;
		};
		544D976F19562F67006C009B /* Sources */ = {
			isa = PBXSourcesBuildPhase;
			buildActionMask = 2147483647;
			files = (
				544D978119562F67006C009B /* MykeenTests.m in Sources */,
			);
			runOnlyForDeploymentPostprocessing = 0;
		};
/* End PBXSourcesBuildPhase section */

/* Begin PBXTargetDependency section */
		544D977919562F67006C009B /* PBXTargetDependency */ = {
			isa = PBXTargetDependency;
			target = 544D975119562F67006C009B /* Mykee */;
			targetProxy = 544D977819562F67006C009B /* PBXContainerItemProxy */;
		};
/* End PBXTargetDependency section */

/* Begin PBXVariantGroup section */
		544D975E19562F67006C009B /* InfoPlist.strings */ = {
			isa = PBXVariantGroup;
			children = (
				544D975F19562F67006C009B /* en */,
			);
			name = InfoPlist.strings;
			sourceTree = "<group>";
		};
		544D976719562F67006C009B /* Main.storyboard */ = {
			isa = PBXVariantGroup;
			children = (
				544D976819562F67006C009B /* Base */,
			);
			name = Main.storyboard;
			sourceTree = "<group>";
		};
		544D977D19562F67006C009B /* InfoPlist.strings */ = {
			isa = PBXVariantGroup;
			children = (
				544D977E19562F67006C009B /* en */,
			);
			name = InfoPlist.strings;
			sourceTree = "<group>";
		};
/* End PBXVariantGroup section */

/* Begin XCBuildConfiguration section */
		544D978219562F67006C009B /* Debug */ = {
			isa = XCBuildConfiguration;
			buildSettings = {
				ALWAYS_SEARCH_USER_PATHS = NO;
				CLANG_CXX_LANGUAGE_STANDARD = "gnu++0x";
				CLANG_CXX_LIBRARY = "libc++";
				CLANG_ENABLE_MODULES = YES;
				CLANG_ENABLE_OBJC_ARC = YES;
				CLANG_WARN_BOOL_CONVERSION = YES;
				CLANG_WARN_CONSTANT_CONVERSION = YES;
				CLANG_WARN_DIRECT_OBJC_ISA_USAGE = YES_ERROR;
				CLANG_WARN_EMPTY_BODY = YES;
				CLANG_WARN_ENUM_CONVERSION = YES;
				CLANG_WARN_INT_CONVERSION = YES;
				CLANG_WARN_OBJC_ROOT_CLASS = YES_ERROR;
				CLANG_WARN__DUPLICATE_METHOD_MATCH = YES;
				"CODE_SIGN_IDENTITY[sdk=iphoneos*]" = "iPhone Developer";
				COPY_PHASE_STRIP = NO;
				GCC_C_LANGUAGE_STANDARD = gnu99;
				GCC_DYNAMIC_NO_PIC = NO;
				GCC_OPTIMIZATION_LEVEL = 0;
				GCC_PREPROCESSOR_DEFINITIONS = (
					"DEBUG=1",
					"$(inherited)",
				);
				GCC_SYMBOLS_PRIVATE_EXTERN = NO;
				GCC_WARN_64_TO_32_BIT_CONVERSION = YES;
				GCC_WARN_ABOUT_RETURN_TYPE = YES_ERROR;
				GCC_WARN_UNDECLARED_SELECTOR = YES;
				GCC_WARN_UNINITIALIZED_AUTOS = YES_AGGRESSIVE;
				GCC_WARN_UNUSED_FUNCTION = YES;
				GCC_WARN_UNUSED_VARIABLE = YES;
				IPHONEOS_DEPLOYMENT_TARGET = 7.1;
				ONLY_ACTIVE_ARCH = YES;
				SDKROOT = iphoneos;
			};
			name = Debug;
		};
		544D978319562F67006C009B /* Release */ = {
			isa = XCBuildConfiguration;
			buildSettings = {
				ALWAYS_SEARCH_USER_PATHS = NO;
				CLANG_CXX_LANGUAGE_STANDARD = "gnu++0x";
				CLANG_CXX_LIBRARY = "libc++";
				CLANG_ENABLE_MODULES = YES;
				CLANG_ENABLE_OBJC_ARC = YES;
				CLANG_WARN_BOOL_CONVERSION = YES;
				CLANG_WARN_CONSTANT_CONVERSION = YES;
				CLANG_WARN_DIRECT_OBJC_ISA_USAGE = YES_ERROR;
				CLANG_WARN_EMPTY_BODY = YES;
				CLANG_WARN_ENUM_CONVERSION = YES;
				CLANG_WARN_INT_CONVERSION = YES;
				CLANG_WARN_OBJC_ROOT_CLASS = YES_ERROR;
				CLANG_WARN__DUPLICATE_METHOD_MATCH = YES;
				"CODE_SIGN_IDENTITY[sdk=iphoneos*]" = "iPhone Developer";
				COPY_PHASE_STRIP = YES;
				ENABLE_NS_ASSERTIONS = NO;
				GCC_C_LANGUAGE_STANDARD = gnu99;
				GCC_WARN_64_TO_32_BIT_CONVERSION = YES;
				GCC_WARN_ABOUT_RETURN_TYPE = YES_ERROR;
				GCC_WARN_UNDECLARED_SELECTOR = YES;
				GCC_WARN_UNINITIALIZED_AUTOS = YES_AGGRESSIVE;
				GCC_WARN_UNUSED_FUNCTION = YES;
				GCC_WARN_UNUSED_VARIABLE = YES;
				IPHONEOS_DEPLOYMENT_TARGET = 7.1;
				SDKROOT = iphoneos;
				VALIDATE_PRODUCT = YES;
			};
			name = Release;
		};
		544D978519562F67006C009B /* Debug */ = {
			isa = XCBuildConfiguration;
			baseConfigurationReference = 492AC8BE2B0244E2BDB5CAD4 /* Pods.xcconfig */;
			buildSettings = {
				ASSETCATALOG_COMPILER_APPICON_NAME = AppIcon;
				ASSETCATALOG_COMPILER_LAUNCHIMAGE_NAME = LaunchImage;
				CODE_SIGN_IDENTITY = "iPhone Distribution: Nickolay Vasyukov (654Y4Q74R4)";
				"CODE_SIGN_IDENTITY[sdk=iphoneos*]" = "iPhone Distribution: Nickolay Vasyukov (654Y4Q74R4)";
				GCC_PRECOMPILE_PREFIX_HEADER = YES;
				GCC_PREFIX_HEADER = "Mykeen/Mykee-Prefix.pch";
				INFOPLIST_FILE = "Mykeen/Mykee-Info.plist";
				IPHONEOS_DEPLOYMENT_TARGET = 7.0;
				LIBRARY_SEARCH_PATHS = (
					"$(inherited)",
					"$(PROJECT_DIR)",
				);
				PRODUCT_NAME = Mykee;
				PROVISIONING_PROFILE = "77dde42b-c92a-47e2-935e-a7d8d129d843";
				WRAPPER_EXTENSION = app;
			};
			name = Debug;
		};
		544D978619562F67006C009B /* Release */ = {
			isa = XCBuildConfiguration;
			baseConfigurationReference = 492AC8BE2B0244E2BDB5CAD4 /* Pods.xcconfig */;
			buildSettings = {
				ASSETCATALOG_COMPILER_APPICON_NAME = AppIcon;
				ASSETCATALOG_COMPILER_LAUNCHIMAGE_NAME = LaunchImage;
				CODE_SIGN_IDENTITY = "iPhone Distribution: Nickolay Vasyukov (654Y4Q74R4)";
				"CODE_SIGN_IDENTITY[sdk=iphoneos*]" = "iPhone Distribution: Nickolay Vasyukov (654Y4Q74R4)";
				GCC_PRECOMPILE_PREFIX_HEADER = YES;
				GCC_PREFIX_HEADER = "Mykeen/Mykee-Prefix.pch";
				INFOPLIST_FILE = "Mykeen/Mykee-Info.plist";
				IPHONEOS_DEPLOYMENT_TARGET = 7.0;
				LIBRARY_SEARCH_PATHS = (
					"$(inherited)",
					"$(PROJECT_DIR)",
				);
				PRODUCT_NAME = Mykee;
				PROVISIONING_PROFILE = "77dde42b-c92a-47e2-935e-a7d8d129d843";
				WRAPPER_EXTENSION = app;
			};
			name = Release;
		};
		544D978819562F67006C009B /* Debug */ = {
			isa = XCBuildConfiguration;
			buildSettings = {
				BUNDLE_LOADER = "$(BUILT_PRODUCTS_DIR)/Mykeen.app/Mykeen";
				FRAMEWORK_SEARCH_PATHS = (
					"$(SDKROOT)/Developer/Library/Frameworks",
					"$(inherited)",
					"$(DEVELOPER_FRAMEWORKS_DIR)",
				);
				GCC_PRECOMPILE_PREFIX_HEADER = YES;
				GCC_PREFIX_HEADER = "Mykeen/Mykeen-Prefix.pch";
				GCC_PREPROCESSOR_DEFINITIONS = (
					"DEBUG=1",
					"$(inherited)",
				);
				INFOPLIST_FILE = "MykeenTests/MykeenTests-Info.plist";
				PRODUCT_NAME = MykeeTests;
				TEST_HOST = "$(BUNDLE_LOADER)";
				WRAPPER_EXTENSION = xctest;
			};
			name = Debug;
		};
		544D978919562F67006C009B /* Release */ = {
			isa = XCBuildConfiguration;
			buildSettings = {
				BUNDLE_LOADER = "$(BUILT_PRODUCTS_DIR)/Mykeen.app/Mykeen";
				FRAMEWORK_SEARCH_PATHS = (
					"$(SDKROOT)/Developer/Library/Frameworks",
					"$(inherited)",
					"$(DEVELOPER_FRAMEWORKS_DIR)",
				);
				GCC_PRECOMPILE_PREFIX_HEADER = YES;
				GCC_PREFIX_HEADER = "Mykeen/Mykeen-Prefix.pch";
				INFOPLIST_FILE = "MykeenTests/MykeenTests-Info.plist";
				PRODUCT_NAME = MykeeTests;
				TEST_HOST = "$(BUNDLE_LOADER)";
				WRAPPER_EXTENSION = xctest;
			};
			name = Release;
		};
/* End XCBuildConfiguration section */

/* Begin XCConfigurationList section */
		544D974D19562F67006C009B /* Build configuration list for PBXProject "Mykee" */ = {
			isa = XCConfigurationList;
			buildConfigurations = (
				544D978219562F67006C009B /* Debug */,
				544D978319562F67006C009B /* Release */,
			);
			defaultConfigurationIsVisible = 0;
			defaultConfigurationName = Release;
		};
		544D978419562F67006C009B /* Build configuration list for PBXNativeTarget "Mykee" */ = {
			isa = XCConfigurationList;
			buildConfigurations = (
				544D978519562F67006C009B /* Debug */,
				544D978619562F67006C009B /* Release */,
			);
			defaultConfigurationIsVisible = 0;
			defaultConfigurationName = Release;
		};
		544D978719562F67006C009B /* Build configuration list for PBXNativeTarget "MykeeTests" */ = {
			isa = XCConfigurationList;
			buildConfigurations = (
				544D978819562F67006C009B /* Debug */,
				544D978919562F67006C009B /* Release */,
			);
			defaultConfigurationIsVisible = 0;
			defaultConfigurationName = Release;
		};
/* End XCConfigurationList section */
	};
	rootObject = 544D974A19562F67006C009B /* Project object */;
}
